
Microsoft Visual Studio Solution File, Format Version 12.00
# Visual Studio Version 17
VisualStudioVersion = 17.5.002.0
MinimumVisualStudioVersion = 10.0.40219.1
Project("{9A19103F-16F7-4668-BE54-9A1E7A4F7556}") = "HelloWorld", "HelloWorld.csproj", "{767E3AA8-F31E-4132-BDA9-CDAF560D6517}"
EndProject
Global
	GlobalSection(SolutionConfigurationPlatforms) = preSolution
		Debug|Any CPU = Debug|Any CPU
		Release|Any CPU = Release|Any CPU
	EndGlobalSection
	GlobalSection(ProjectConfigurationPlatforms) = postSolution
		{767E3AA8-F31E-4132-BDA9-CDAF560D6517}.Debug|Any CPU.ActiveCfg = Debug|Any CPU
		{767E3AA8-F31E-4132-BDA9-CDAF560D6517}.Debug|Any CPU.Build.0 = Debug|Any CPU
		{767E3AA8-F31E-4132-BDA9-CDAF560D6517}.Release|Any CPU.ActiveCfg = Release|Any CPU
		{767E3AA8-F31E-4132-BDA9-CDAF560D6517}.Release|Any CPU.Build.0 = Release|Any CPU
	EndGlobalSection
	GlobalSection(SolutionProperties) = preSolution
		HideSolutionNode = FALSE
	EndGlobalSection
	GlobalSection(ExtensibilityGlobals) = postSolution
		SolutionGuid = {2EB75310-5F39-4B9A-927E-86ADA08ADE63}
	EndGlobalSection
EndGlobal
